github.com/davecgh/go-spew v1.1.1 h1:vj9j/u1bqnvCEfJOwUhtlOARqs3+rkHYY13jYWTU97c=
github.com/davecgh/go-spew v1.1.1/go.mod h1:J7Y8YcW2NihsgmVo/mv3lAwl/skON4iLHjSsI+c5H38=
github.com/go-errors/errors v1.0.1 h1:LUHzmkK3GUKUrL/1gfBUxAHzcev3apQlezX/+O7ma6w=
github.com/go-errors/errors v1.0.1/go.mod h1:f4zRHt4oKfwPJE5k8C9vpYG+aDHdBFUsgrm6/TyX73Q=
github.com/matoous/go-nanoid v0.0.0-20180926092311-3de1538a83bc h1:5wtRu6KKNRIzkeBu11K8cyM8iUcZ0TOq9zh9HIx5dIc=
github.com/matoous/go-nanoid v0.0.0-20180926092311-3de1538a83bc/go.mod h1:soqXi4beH2aAljcVvgIDqekDtnM2UZkGl47fniwq3J4=
github.com/pmezard/go-difflib v1.0.0 h1:4DBwDE0NGyQoBHbLQYPwSUPoCMWR5BEzIk/f1lZbAQM=
github.com/pmezard/go-difflib v1.0.0/go.mod h1:iKH77koFhYxTK1pcRnkKkqfTogsbg7gZNVY4sRDYZ/4=
github.com/signalsciences/tlstext v0.0.0-20170724030830-3693a8d42128 h1:Fn03yf/JAKLB5zE70S1BPuoosXBxNGnn96HapK/Wo+Y=
github.com/signalsciences/tlstext v0.0.0-20170724030830-3693a8d42128/go.mod h1:DKD8bjL8ZiedHAgWtcpgZm6TBAnmAlImuyJX2whrm3k=
github.com/stretchr/testify v1.2.2 h1:bSDNvY7ZPG5RlJ8otE/7V6gMiyenm9RtJ7IUVIAoJ1w=
github.com/stretchr/testify v1.2.2/go.mod h1:a8OnRcib4nhh0OaRAV+Yts87kKdq0PP7pXfy6kDkUVs=
